
Microsoft Visual Studio Solution File, Format Version 12.00
# Visual Studio 15
Project("{FAE04EC0-301F-11D3-BF4B-00C04F79EFBC}") = "Assembly-CSharp", "Assembly-CSharp.csproj", "{64CC8FC5-A55F-F7D0-F682-B75F65C3A2B6}"
EndProject
Project("{FAE04EC0-301F-11D3-BF4B-00C04F79EFBC}") = "Assembly-CSharp-Editor", "Assembly-CSharp-Editor.csproj", "{B9662DD4-8B5D-5647-93C3-5CDDEB294863}"
EndProject
Global
	GlobalSection(SolutionConfigurationPlatforms) = preSolution
		Debug|Any CPU = Debug|Any CPU
		Release|Any CPU = Release|Any CPU
	EndGlobalSection
	GlobalSection(ProjectConfigurationPlatforms) = postSolution
		{64CC8FC5-A55F-F7D0-F682-B75F65C3A2B6}.Debug|Any CPU.ActiveCfg = Debug|Any CPU
		{64CC8FC5-A55F-F7D0-F682-B75F65C3A2B6}.Debug|Any CPU.Build.0 = Debug|Any CPU
		{64CC8FC5-A55F-F7D0-F682-B75F65C3A2B6}.Release|Any CPU.ActiveCfg = Release|Any CPU
		{64CC8FC5-A55F-F7D0-F682-B75F65C3A2B6}.Release|Any CPU.Build.0 = Release|Any CPU
		{B9662DD4-8B5D-5647-93C3-5CDDEB294863}.Debug|Any CPU.ActiveCfg = Debug|Any CPU
		{B9662DD4-8B5D-5647-93C3-5CDDEB294863}.Debug|Any CPU.Build.0 = Debug|Any CPU
		{B9662DD4-8B5D-5647-93C3-5CDDEB294863}.Release|Any CPU.ActiveCfg = Release|Any CPU
		{B9662DD4-8B5D-5647-93C3-5CDDEB294863}.Release|Any CPU.Build.0 = Release|Any CPU
	EndGlobalSection
	GlobalSection(SolutionProperties) = preSolution
		HideSolutionNode = FALSE
	EndGlobalSection
EndGlobal
